
Microsoft Visual Studio Solution File, Format Version 12.00
# Visual Studio Version 16
VisualStudioVersion = 16.0.30011.22
MinimumVisualStudioVersion = 10.0.40219.1
Project("{9A19103F-16F7-4668-BE54-9A1E7A4F7556}") = "Firma.PortalWWW", "Firma.PortalWWW\Firma.PortalWWW.csproj", "{E8204F5F-D550-4638-8965-C2A060D4E0B8}"
EndProject
Project("{9A19103F-16F7-4668-BE54-9A1E7A4F7556}") = "Firma.Intranet", "Firma.Intranet\Firma.Intranet.csproj", "{0A3FDD8C-E16E-4B15-85A0-0197E9BAE3FC}"
EndProject
Project("{FAE04EC0-301F-11D3-BF4B-00C04F79EFBC}") = "Firma.Data", "Firma.Data\Firma.Data.csproj", "{690DC888-8B1A-4B67-A3C0-45D9EB9998BB}"
EndProject
Global
	GlobalSection(SolutionConfigurationPlatforms) = preSolution
		Debug|Any CPU = Debug|Any CPU
		Release|Any CPU = Release|Any CPU
	EndGlobalSection
	GlobalSection(ProjectConfigurationPlatforms) = postSolution
		{E8204F5F-D550-4638-8965-C2A060D4E0B8}.Debug|Any CPU.ActiveCfg = Debug|Any CPU
		{E8204F5F-D550-4638-8965-C2A060D4E0B8}.Debug|Any CPU.Build.0 = Debug|Any CPU
		{E8204F5F-D550-4638-8965-C2A060D4E0B8}.Release|Any CPU.ActiveCfg = Release|Any CPU
		{E8204F5F-D550-4638-8965-C2A060D4E0B8}.Release|Any CPU.Build.0 = Release|Any CPU
		{0A3FDD8C-E16E-4B15-85A0-0197E9BAE3FC}.Debug|Any CPU.ActiveCfg = Debug|Any CPU
		{0A3FDD8C-E16E-4B15-85A0-0197E9BAE3FC}.Debug|Any CPU.Build.0 = Debug|Any CPU
		{0A3FDD8C-E16E-4B15-85A0-0197E9BAE3FC}.Release|Any CPU.ActiveCfg = Release|Any CPU
		{0A3FDD8C-E16E-4B15-85A0-0197E9BAE3FC}.Release|Any CPU.Build.0 = Release|Any CPU
		{690DC888-8B1A-4B67-A3C0-45D9EB9998BB}.Debug|Any CPU.ActiveCfg = Debug|Any CPU
		{690DC888-8B1A-4B67-A3C0-45D9EB9998BB}.Debug|Any CPU.Build.0 = Debug|Any CPU
		{690DC888-8B1A-4B67-A3C0-45D9EB9998BB}.Release|Any CPU.ActiveCfg = Release|Any CPU
		{690DC888-8B1A-4B67-A3C0-45D9EB9998BB}.Release|Any CPU.Build.0 = Release|Any CPU
	EndGlobalSection
	GlobalSection(SolutionProperties) = preSolution
		HideSolutionNode = FALSE
	EndGlobalSection
	GlobalSection(ExtensibilityGlobals) = postSolution
		SolutionGuid = {E6A25581-EB27-4213-9683-449ED8EBC001}
	EndGlobalSection
EndGlobal
